
Microsoft Visual Studio Solution File, Format Version 12.00
# Visual Studio Version 17
VisualStudioVersion = 17.1.32328.378
MinimumVisualStudioVersion = 10.0.40219.1
Project("{9A19103F-16F7-4668-BE54-9A1E7A4F7556}") = "RetailerWebAPI", "RetailerWebAPI\RetailerWebAPI.csproj", "{14C19E70-BE6B-42E0-8AA0-8835D7DEA465}"
EndProject
Project("{FAE04EC0-301F-11D3-BF4B-00C04F79EFBC}") = "RetailerWebAPI.Test", "RetailerWebAPI.Test\RetailerWebAPI.Test.csproj", "{03D9BD20-59D0-4867-A145-DA48468E82B6}"
EndProject
Global
	GlobalSection(SolutionConfigurationPlatforms) = preSolution
		Debug|Any CPU = Debug|Any CPU
		Release|Any CPU = Release|Any CPU
	EndGlobalSection
	GlobalSection(ProjectConfigurationPlatforms) = postSolution
		{14C19E70-BE6B-42E0-8AA0-8835D7DEA465}.Debug|Any CPU.ActiveCfg = Debug|Any CPU
		{14C19E70-BE6B-42E0-8AA0-8835D7DEA465}.Debug|Any CPU.Build.0 = Debug|Any CPU
		{14C19E70-BE6B-42E0-8AA0-8835D7DEA465}.Release|Any CPU.ActiveCfg = Release|Any CPU
		{14C19E70-BE6B-42E0-8AA0-8835D7DEA465}.Release|Any CPU.Build.0 = Release|Any CPU
		{03D9BD20-59D0-4867-A145-DA48468E82B6}.Debug|Any CPU.ActiveCfg = Debug|Any CPU
		{03D9BD20-59D0-4867-A145-DA48468E82B6}.Debug|Any CPU.Build.0 = Debug|Any CPU
		{03D9BD20-59D0-4867-A145-DA48468E82B6}.Release|Any CPU.ActiveCfg = Release|Any CPU
		{03D9BD20-59D0-4867-A145-DA48468E82B6}.Release|Any CPU.Build.0 = Release|Any CPU
	EndGlobalSection
	GlobalSection(SolutionProperties) = preSolution
		HideSolutionNode = FALSE
	EndGlobalSection
	GlobalSection(ExtensibilityGlobals) = postSolution
		SolutionGuid = {CC81AF5B-3680-41CE-ACCA-4660D59DC999}
	EndGlobalSection
EndGlobal
